// !$*UTF8*$!
{
	archiveVersion = 1;
	classes = {
	};
	objectVersion = 55;
	objects = {

/* Begin PBXBuildFile section */
		EBBE01A72A4DD40700B652D7 /* plantopiaApp.swift in Sources */ = {isa = PBXBuildFile; fileRef = EBBE01A62A4DD40700B652D7 /* plantopiaApp.swift */; };
		EBBE01A92A4DD40700B652D7 /* ContentView.swift in Sources */ = {isa = PBXBuildFile; fileRef = EBBE01A82A4DD40700B652D7 /* ContentView.swift */; };
		EBBE01AB2A4DD40800B652D7 /* Assets.xcassets in Resources */ = {isa = PBXBuildFile; fileRef = EBBE01AA2A4DD40800B652D7 /* Assets.xcassets */; };
		EBBE01AE2A4DD40800B652D7 /* Preview Assets.xcassets in Resources */ = {isa = PBXBuildFile; fileRef = EBBE01AD2A4DD40800B652D7 /* Preview Assets.xcassets */; };
		EBBE01B02A4DD40800B652D7 /* Persistence.swift in Sources */ = {isa = PBXBuildFile; fileRef = EBBE01AF2A4DD40800B652D7 /* Persistence.swift */; };
		EBBE01B32A4DD40800B652D7 /* plantopia.xcdatamodeld in Sources */ = {isa = PBXBuildFile; fileRef = EBBE01B12A4DD40800B652D7 /* plantopia.xcdatamodeld */; };
		EBBE01BA2A4DD5C800B652D7 /* HealthBenefits.swift in Sources */ = {isa = PBXBuildFile; fileRef = EBBE01B92A4DD5C800B652D7 /* HealthBenefits.swift */; };
/* End PBXBuildFile section */

/* Begin PBXFileReference section */
		EBBE01A32A4DD40700B652D7 /* plantopia.app */ = {isa = PBXFileReference; explicitFileType = wrapper.application; includeInIndex = 0; path = plantopia.app; sourceTree = BUILT_PRODUCTS_DIR; };
		EBBE01A62A4DD40700B652D7 /* plantopiaApp.swift */ = {isa = PBXFileReference; lastKnownFileType = sourcecode.swift; path = plantopiaApp.swift; sourceTree = "<group>"; };
		EBBE01A82A4DD40700B652D7 /* ContentView.swift */ = {isa = PBXFileReference; lastKnownFileType = sourcecode.swift; path = ContentView.swift; sourceTree = "<group>"; };
		EBBE01AA2A4DD40800B652D7 /* Assets.xcassets */ = {isa = PBXFileReference; lastKnownFileType = folder.assetcatalog; path = Assets.xcassets; sourceTree = "<group>"; };
		EBBE01AD2A4DD40800B652D7 /* Preview Assets.xcassets */ = {isa = PBXFileReference; lastKnownFileType = folder.assetcatalog; path = "Preview Assets.xcassets"; sourceTree = "<group>"; };
		EBBE01AF2A4DD40800B652D7 /* Persistence.swift */ = {isa = PBXFileReference; lastKnownFileType = sourcecode.swift; path = Persistence.swift; sourceTree = "<group>"; };
		EBBE01B22A4DD40800B652D7 /* plantopia.xcdatamodel */ = {isa = PBXFileReference; lastKnownFileType = wrapper.xcdatamodel; path = plantopia.xcdatamodel; sourceTree = "<group>"; };
		EBBE01B92A4DD5C800B652D7 /* HealthBenefits.swift */ = {isa = PBXFileReference; lastKnownFileType = sourcecode.swift; path = HealthBenefits.swift; sourceTree = "<group>"; };
/* End PBXFileReference section */

/* Begin PBXFrameworksBuildPhase section */
		EBBE01A02A4DD40700B652D7 /* Frameworks */ = {
			isa = PBXFrameworksBuildPhase;
			buildActionMask = 2147483647;
			files = (
			);
			runOnlyForDeploymentPostprocessing = 0;
		};
/* End PBXFrameworksBuildPhase section */

/* Begin PBXGroup section */
		EBBE019A2A4DD40700B652D7 = {
			isa = PBXGroup;
			children = (
				EBBE01A52A4DD40700B652D7 /* plantopia */,
				EBBE01A42A4DD40700B652D7 /* Products */,
			);
			sourceTree = "<group>";
		};
		EBBE01A42A4DD40700B652D7 /* Products */ = {
			isa = PBXGroup;
			children = (
				EBBE01A32A4DD40700B652D7 /* plantopia.app */,
			);
			name = Products;
			sourceTree = "<group>";
		};
		EBBE01A52A4DD40700B652D7 /* plantopia */ = {
			isa = PBXGroup;
			children = (
				EBBE01A62A4DD40700B652D7 /* plantopiaApp.swift */,
				EBBE01B92A4DD5C800B652D7 /* HealthBenefits.swift */,
				EBBE01A82A4DD40700B652D7 /* ContentView.swift */,
				EBBE01AA2A4DD40800B652D7 /* Assets.xcassets */,
				EBBE01AF2A4DD40800B652D7 /* Persistence.swift */,
				EBBE01B12A4DD40800B652D7 /* plantopia.xcdatamodeld */,
				EBBE01AC2A4DD40800B652D7 /* Preview Content */,
			);
			path = plantopia;
			sourceTree = "<group>";
		};
		EBBE01AC2A4DD40800B652D7 /* Preview Content */ = {
			isa = PBXGroup;
			children = (
				EBBE01AD2A4DD40800B652D7 /* Preview Assets.xcassets */,
			);
			path = "Preview Content";
			sourceTree = "<group>";
		};
/* End PBXGroup section */

/* Begin PBXNativeTarget section */
		EBBE01A22A4DD40700B652D7 /* plantopia */ = {
			isa = PBXNativeTarget;
			buildConfigurationList = EBBE01B62A4DD40800B652D7 /* Build configuration list for PBXNativeTarget "plantopia" */;
			buildPhases = (
				EBBE019F2A4DD40700B652D7 /* Sources */,
				EBBE01A02A4DD40700B652D7 /* Frameworks */,
				EBBE01A12A4DD40700B652D7 /* Resources */,
			);
			buildRules = (
			);
			dependencies = (
			);
			name = plantopia;
			productName = plantopia;
			productReference = EBBE01A32A4DD40700B652D7 /* plantopia.app */;
			productType = "com.apple.product-type.application";
		};
/* End PBXNativeTarget section */

/* Begin PBXProject section */
		EBBE019B2A4DD40700B652D7 /* Project object */ = {
			isa = PBXProject;
			attributes = {
				BuildIndependentTargetsInParallel = 1;
				LastSwiftUpdateCheck = 1340;
				LastUpgradeCheck = 1340;
				TargetAttributes = {
					EBBE01A22A4DD40700B652D7 = {
						CreatedOnToolsVersion = 13.4;
					};
				};
			};
			buildConfigurationList = EBBE019E2A4DD40700B652D7 /* Build configuration list for PBXProject "plantopia" */;
			compatibilityVersion = "Xcode 13.0";
			developmentRegion = en;
			hasScannedForEncodings = 0;
			knownRegions = (
				en,
				Base,
			);
			mainGroup = EBBE019A2A4DD40700B652D7;
			productRefGroup = EBBE01A42A4DD40700B652D7 /* Products */;
			projectDirPath = "";
			projectRoot = "";
			targets = (
				EBBE01A22A4DD40700B652D7 /* plantopia */,
			);
		};
/* End PBXProject section */

/* Begin PBXResourcesBuildPhase section */
		EBBE01A12A4DD40700B652D7 /* Resources */ = {
			isa = PBXResourcesBuildPhase;
			buildActionMask = 2147483647;
			files = (
				EBBE01AE2A4DD40800B652D7 /* Preview Assets.xcassets in Resources */,
				EBBE01AB2A4DD40800B652D7 /* Assets.xcassets in Resources */,
			);
			runOnlyForDeploymentPostprocessing = 0;
		};
/* End PBXResourcesBuildPhase section */

/* Begin PBXSourcesBuildPhase section */
		EBBE019F2A4DD40700B652D7 /* Sources */ = {
			isa = PBXSourcesBuildPhase;
			buildActionMask = 2147483647;
			files = (
				EBBE01B02A4DD40800B652D7 /* Persistence.swift in Sources */,
				EBBE01A92A4DD40700B652D7 /* ContentView.swift in Sources */,
				EBBE01B32A4DD40800B652D7 /* plantopia.xcdatamodeld in Sources */,
				EBBE01BA2A4DD5C800B652D7 /* HealthBenefits.swift in Sources */,
				EBBE01A72A4DD40700B652D7 /* plantopiaApp.swift in Sources */,
			);
			runOnlyForDeploymentPostprocessing = 0;
		};
/* End PBXSourcesBuildPhase section */

/* Begin XCBuildConfiguration section */
		EBBE01B42A4DD40800B652D7 /* Debug */ = {
			isa = XCBuildConfiguration;
			buildSettings = {
				ALWAYS_SEARCH_USER_PATHS = NO;
				CLANG_ANALYZER_NONNULL = YES;
				CLANG_ANALYZER_NUMBER_OBJECT_CONVERSION = YES_AGGRESSIVE;
				CLANG_CXX_LANGUAGE_STANDARD = "gnu++17";
				CLANG_ENABLE_MODULES = YES;
				CLANG_ENABLE_OBJC_ARC = YES;
				CLANG_ENABLE_OBJC_WEAK = YES;
				CLANG_WARN_BLOCK_CAPTURE_AUTORELEASING = YES;
				CLANG_WARN_BOOL_CONVERSION = YES;
				CLANG_WARN_COMMA = YES;
				CLANG_WARN_CONSTANT_CONVERSION = YES;
				CLANG_WARN_DEPRECATED_OBJC_IMPLEMENTATIONS = YES;
				CLANG_WARN_DIRECT_OBJC_ISA_USAGE = YES_ERROR;
				CLANG_WARN_DOCUMENTATION_COMMENTS = YES;
				CLANG_WARN_EMPTY_BODY = YES;
				CLANG_WARN_ENUM_CONVERSION = YES;
				CLANG_WARN_INFINITE_RECURSION = YES;
				CLANG_WARN_INT_CONVERSION = YES;
				CLANG_WARN_NON_LITERAL_NULL_CONVERSION = YES;
				CLANG_WARN_OBJC_IMPLICIT_RETAIN_SELF = YES;
				CLANG_WARN_OBJC_LITERAL_CONVERSION = YES;
				CLANG_WARN_OBJC_ROOT_CLASS = YES_ERROR;
				CLANG_WARN_QUOTED_INCLUDE_IN_FRAMEWORK_HEADER = YES;
				CLANG_WARN_RANGE_LOOP_ANALYSIS = YES;
				CLANG_WARN_STRICT_PROTOTYPES = YES;
				CLANG_WARN_SUSPICIOUS_MOVE = YES;
				CLANG_WARN_UNGUARDED_AVAILABILITY = YES_AGGRESSIVE;
				CLANG_WARN_UNREACHABLE_CODE = YES;
				CLANG_WARN__DUPLICATE_METHOD_MATCH = YES;
				COPY_PHASE_STRIP = NO;
				DEBUG_INFORMATION_FORMAT = dwarf;
				ENABLE_STRICT_OBJC_MSGSEND = YES;
				ENABLE_TESTABILITY = YES;
				GCC_C_LANGUAGE_STANDARD = gnu11;
				GCC_DYNAMIC_NO_PIC = NO;
				GCC_NO_COMMON_BLOCKS = YES;
				GCC_OPTIMIZATION_LEVEL = 0;
				GCC_PREPROCESSOR_DEFINITIONS = (
					"DEBUG=1",
					"$(inherited)",
				);
				GCC_WARN_64_TO_32_BIT_CONVERSION = YES;
				GCC_WARN_ABOUT_RETURN_TYPE = YES_ERROR;
				GCC_WARN_UNDECLARED_SELECTOR = YES;
				GCC_WARN_UNINITIALIZED_AUTOS = YES_AGGRESSIVE;
				GCC_WARN_UNUSED_FUNCTION = YES;
				GCC_WARN_UNUSED_VARIABLE = YES;
				IPHONEOS_DEPLOYMENT_TARGET = 15.5;
				MTL_ENABLE_DEBUG_INFO = INCLUDE_SOURCE;
				MTL_FAST_MATH = YES;
				ONLY_ACTIVE_ARCH = YES;
				SDKROOT = iphoneos;
				SWIFT_ACTIVE_COMPILATION_CONDITIONS = DEBUG;
				SWIFT_OPTIMIZATION_LEVEL = "-Onone";
			};
			name = Debug;
		};
		EBBE01B52A4DD40800B652D7 /* Release */ = {
			isa = XCBuildConfiguration;
			buildSettings = {
				ALWAYS_SEARCH_USER_PATHS = NO;
				CLANG_ANALYZER_NONNULL = YES;
				CLANG_ANALYZER_NUMBER_OBJECT_CONVERSION = YES_AGGRESSIVE;
				CLANG_CXX_LANGUAGE_STANDARD = "gnu++17";
				CLANG_ENABLE_MODULES = YES;
				CLANG_ENABLE_OBJC_ARC = YES;
				CLANG_ENABLE_OBJC_WEAK = YES;
				CLANG_WARN_BLOCK_CAPTURE_AUTORELEASING = YES;
				CLANG_WARN_BOOL_CONVERSION = YES;
				CLANG_WARN_COMMA = YES;
				CLANG_WARN_CONSTANT_CONVERSION = YES;
				CLANG_WARN_DEPRECATED_OBJC_IMPLEMENTATIONS = YES;
				CLANG_WARN_DIRECT_OBJC_ISA_USAGE = YES_ERROR;
				CLANG_WARN_DOCUMENTATION_COMMENTS = YES;
				CLANG_WARN_EMPTY_BODY = YES;
				CLANG_WARN_ENUM_CONVERSION = YES;
				CLANG_WARN_INFINITE_RECURSION = YES;
				CLANG_WARN_INT_CONVERSION = YES;
				CLANG_WARN_NON_LITERAL_NULL_CONVERSION = YES;
				CLANG_WARN_OBJC_IMPLICIT_RETAIN_SELF = YES;
				CLANG_WARN_OBJC_LITERAL_CONVERSION = YES;
				CLANG_WARN_OBJC_ROOT_CLASS = YES_ERROR;
				CLANG_WARN_QUOTED_INCLUDE_IN_FRAMEWORK_HEADER = YES;
				CLANG_WARN_RANGE_LOOP_ANALYSIS = YES;
				CLANG_WARN_STRICT_PROTOTYPES = YES;
				CLANG_WARN_SUSPICIOUS_MOVE = YES;
				CLANG_WARN_UNGUARDED_AVAILABILITY = YES_AGGRESSIVE;
				CLANG_WARN_UNREACHABLE_CODE = YES;
				CLANG_WARN__DUPLICATE_METHOD_MATCH = YES;
				COPY_PHASE_STRIP = NO;
				DEBUG_INFORMATION_FORMAT = "dwarf-with-dsym";
				ENABLE_NS_ASSERTIONS = NO;
				ENABLE_STRICT_OBJC_MSGSEND = YES;
				GCC_C_LANGUAGE_STANDARD = gnu11;
				GCC_NO_COMMON_BLOCKS = YES;
				GCC_WARN_64_TO_32_BIT_CONVERSION = YES;
				GCC_WARN_ABOUT_RETURN_TYPE = YES_ERROR;
				GCC_WARN_UNDECLARED_SELECTOR = YES;
				GCC_WARN_UNINITIALIZED_AUTOS = YES_AGGRESSIVE;
				GCC_WARN_UNUSED_FUNCTION = YES;
				GCC_WARN_UNUSED_VARIABLE = YES;
				IPHONEOS_DEPLOYMENT_TARGET = 15.5;
				MTL_ENABLE_DEBUG_INFO = NO;
				MTL_FAST_MATH = YES;
				SDKROOT = iphoneos;
				SWIFT_COMPILATION_MODE = wholemodule;
				SWIFT_OPTIMIZATION_LEVEL = "-O";
				VALIDATE_PRODUCT = YES;
			};
			name = Release;
		};
		EBBE01B72A4DD40800B652D7 /* Debug */ = {
			isa = XCBuildConfiguration;
			buildSettings = {
				ASSETCATALOG_COMPILER_APPICON_NAME = AppIcon;
				ASSETCATALOG_COMPILER_GLOBAL_ACCENT_COLOR_NAME = AccentColor;
				CODE_SIGN_STYLE = Automatic;
				CURRENT_PROJECT_VERSION = 1;
				DEVELOPMENT_ASSET_PATHS = "\"plantopia/Preview Content\"";
				ENABLE_PREVIEWS = YES;
				GENERATE_INFOPLIST_FILE = YES;
				INFOPLIST_KEY_UIApplicationSceneManifest_Generation = YES;
				INFOPLIST_KEY_UIApplicationSupportsIndirectInputEvents = YES;
				INFOPLIST_KEY_UILaunchScreen_Generation = YES;
				INFOPLIST_KEY_UISupportedInterfaceOrientations_iPad = "UIInterfaceOrientationPortrait UIInterfaceOrientationPortraitUpsideDown UIInterfaceOrientationLandscapeLeft UIInterfaceOrientationLandscapeRight";
				INFOPLIST_KEY_UISupportedInterfaceOrientations_iPhone = "UIInterfaceOrientationPortrait UIInterfaceOrientationLandscapeLeft UIInterfaceOrientationLandscapeRight";
				LD_RUNPATH_SEARCH_PATHS = (
					"$(inherited)",
					"@executable_path/Frameworks",
				);
				MARKETING_VERSION = 1.0;
				PRODUCT_BUNDLE_IDENTIFIER = KWK.plantopia;
				PRODUCT_NAME = "$(TARGET_NAME)";
				SWIFT_EMIT_LOC_STRINGS = YES;
				SWIFT_VERSION = 5.0;
				TARGETED_DEVICE_FAMILY = "1,2";
			};
			name = Debug;
		};
		EBBE01B82A4DD40800B652D7 /* Release */ = {
			isa = XCBuildConfiguration;
			buildSettings = {
				ASSETCATALOG_COMPILER_APPICON_NAME = AppIcon;
				ASSETCATALOG_COMPILER_GLOBAL_ACCENT_COLOR_NAME = AccentColor;
				CODE_SIGN_STYLE = Automatic;
				CURRENT_PROJECT_VERSION = 1;
				DEVELOPMENT_ASSET_PATHS = "\"plantopia/Preview Content\"";
				ENABLE_PREVIEWS = YES;
				GENERATE_INFOPLIST_FILE = YES;
				INFOPLIST_KEY_UIApplicationSceneManifest_Generation = YES;
				INFOPLIST_KEY_UIApplicationSupportsIndirectInputEvents = YES;
				INFOPLIST_KEY_UILaunchScreen_Generation = YES;
				INFOPLIST_KEY_UISupportedInterfaceOrientations_iPad = "UIInterfaceOrientationPortrait UIInterfaceOrientationPortraitUpsideDown UIInterfaceOrientationLandscapeLeft UIInterfaceOrientationLandscapeRight";
				INFOPLIST_KEY_UISupportedInterfaceOrientations_iPhone = "UIInterfaceOrientationPortrait UIInterfaceOrientationLandscapeLeft UIInterfaceOrientationLandscapeRight";
				LD_RUNPATH_SEARCH_PATHS = (
					"$(inherited)",
					"@executable_path/Frameworks",
				);
				MARKETING_VERSION = 1.0;
				PRODUCT_BUNDLE_IDENTIFIER = KWK.plantopia;
				PRODUCT_NAME = "$(TARGET_NAME)";
				SWIFT_EMIT_LOC_STRINGS = YES;
				SWIFT_VERSION = 5.0;
				TARGETED_DEVICE_FAMILY = "1,2";
			};
			name = Release;
		};
/* End XCBuildConfiguration section */

/* Begin XCConfigurationList section */
		EBBE019E2A4DD40700B652D7 /* Build configuration list for PBXProject "plantopia" */ = {
			isa = XCConfigurationList;
			buildConfigurations = (
				EBBE01B42A4DD40800B652D7 /* Debug */,
				EBBE01B52A4DD40800B652D7 /* Release */,
			);
			defaultConfigurationIsVisible = 0;
			defaultConfigurationName = Release;
		};
		EBBE01B62A4DD40800B652D7 /* Build configuration list for PBXNativeTarget "plantopia" */ = {
			isa = XCConfigurationList;
			buildConfigurations = (
				EBBE01B72A4DD40800B652D7 /* Debug */,
				EBBE01B82A4DD40800B652D7 /* Release */,
			);
			defaultConfigurationIsVisible = 0;
			defaultConfigurationName = Release;
		};
/* End XCConfigurationList section */

/* Begin XCVersionGroup section */
		EBBE01B12A4DD40800B652D7 /* plantopia.xcdatamodeld */ = {
			isa = XCVersionGroup;
			children = (
				EBBE01B22A4DD40800B652D7 /* plantopia.xcdatamodel */,
			);
			currentVersion = EBBE01B22A4DD40800B652D7 /* plantopia.xcdatamodel */;
			path = plantopia.xcdatamodeld;
			sourceTree = "<group>";
			versionGroupType = wrapper.xcdatamodel;
		};
/* End XCVersionGroup section */
	};
	rootObject = EBBE019B2A4DD40700B652D7 /* Project object */;
}
